
Microsoft Visual Studio Solution File, Format Version 12.00
# Visual Studio Version 16
VisualStudioVersion = 16.0.32630.194
MinimumVisualStudioVersion = 10.0.40219.1
Project("{FAE04EC0-301F-11D3-BF4B-00C04F79EFBC}") = "AccessModifiers2", "AccessModifiers2\AccessModifiers2.csproj", "{56AA81E2-870A-472C-94E2-4491228418A2}"
EndProject
Global
	GlobalSection(SolutionConfigurationPlatforms) = preSolution
		Debug|Any CPU = Debug|Any CPU
		Release|Any CPU = Release|Any CPU
	EndGlobalSection
	GlobalSection(ProjectConfigurationPlatforms) = postSolution
		{56AA81E2-870A-472C-94E2-4491228418A2}.Debug|Any CPU.ActiveCfg = Debug|Any CPU
		{56AA81E2-870A-472C-94E2-4491228418A2}.Debug|Any CPU.Build.0 = Debug|Any CPU
		{56AA81E2-870A-472C-94E2-4491228418A2}.Release|Any CPU.ActiveCfg = Release|Any CPU
		{56AA81E2-870A-472C-94E2-4491228418A2}.Release|Any CPU.Build.0 = Release|Any CPU
	EndGlobalSection
	GlobalSection(SolutionProperties) = preSolution
		HideSolutionNode = FALSE
	EndGlobalSection
	GlobalSection(ExtensibilityGlobals) = postSolution
		SolutionGuid = {ED1BBB6F-430A-49DA-9B84-3708168CFD4A}
	EndGlobalSection
EndGlobal
